
Microsoft Visual Studio Solution File, Format Version 12.00
# Visual Studio Version 17
VisualStudioVersion = 17.1.32328.378
MinimumVisualStudioVersion = 10.0.40219.1
Project("{2150E333-8FDC-42A3-9474-1A3956D46DE8}") = "FrontEnd", "FrontEnd", "{F7F548C8-9F84-4BCF-8C3E-7FFA2130CB44}"
EndProject
Project("{2150E333-8FDC-42A3-9474-1A3956D46DE8}") = "Services", "Services", "{89C88DBB-9DA1-44F4-BEDA-DA8AC1D46055}"
EndProject
Project("{9A19103F-16F7-4668-BE54-9A1E7A4F7556}") = "GeekShooping.Web", "GeekShooping.Web\GeekShooping.Web.csproj", "{F9390F1C-B531-4D52-883B-8A4EA0340188}"
EndProject
Project("{9A19103F-16F7-4668-BE54-9A1E7A4F7556}") = "GeekShooping.ProductAPI", "GeekShooping.ProductAPI\GeekShooping.ProductAPI.csproj", "{1CE97202-1BEF-4AFA-81D0-194644370A59}"
EndProject
Project("{FAE04EC0-301F-11D3-BF4B-00C04F79EFBC}") = "GeekShooping.IdentityServer", "GeekShooping.IdentityServer\GeekShooping.IdentityServer.csproj", "{A4CE996C-7A81-408C-A769-489016446862}"
EndProject
Global
	GlobalSection(SolutionConfigurationPlatforms) = preSolution
		Debug|Any CPU = Debug|Any CPU
		Release|Any CPU = Release|Any CPU
	EndGlobalSection
	GlobalSection(ProjectConfigurationPlatforms) = postSolution
		{F9390F1C-B531-4D52-883B-8A4EA0340188}.Debug|Any CPU.ActiveCfg = Debug|Any CPU
		{F9390F1C-B531-4D52-883B-8A4EA0340188}.Debug|Any CPU.Build.0 = Debug|Any CPU
		{F9390F1C-B531-4D52-883B-8A4EA0340188}.Release|Any CPU.ActiveCfg = Release|Any CPU
		{F9390F1C-B531-4D52-883B-8A4EA0340188}.Release|Any CPU.Build.0 = Release|Any CPU
		{1CE97202-1BEF-4AFA-81D0-194644370A59}.Debug|Any CPU.ActiveCfg = Debug|Any CPU
		{1CE97202-1BEF-4AFA-81D0-194644370A59}.Debug|Any CPU.Build.0 = Debug|Any CPU
		{1CE97202-1BEF-4AFA-81D0-194644370A59}.Release|Any CPU.ActiveCfg = Release|Any CPU
		{1CE97202-1BEF-4AFA-81D0-194644370A59}.Release|Any CPU.Build.0 = Release|Any CPU
		{A4CE996C-7A81-408C-A769-489016446862}.Debug|Any CPU.ActiveCfg = Debug|Any CPU
		{A4CE996C-7A81-408C-A769-489016446862}.Debug|Any CPU.Build.0 = Debug|Any CPU
		{A4CE996C-7A81-408C-A769-489016446862}.Release|Any CPU.ActiveCfg = Release|Any CPU
		{A4CE996C-7A81-408C-A769-489016446862}.Release|Any CPU.Build.0 = Release|Any CPU
	EndGlobalSection
	GlobalSection(SolutionProperties) = preSolution
		HideSolutionNode = FALSE
	EndGlobalSection
	GlobalSection(NestedProjects) = preSolution
		{F9390F1C-B531-4D52-883B-8A4EA0340188} = {F7F548C8-9F84-4BCF-8C3E-7FFA2130CB44}
		{1CE97202-1BEF-4AFA-81D0-194644370A59} = {89C88DBB-9DA1-44F4-BEDA-DA8AC1D46055}
		{A4CE996C-7A81-408C-A769-489016446862} = {89C88DBB-9DA1-44F4-BEDA-DA8AC1D46055}
	EndGlobalSection
	GlobalSection(ExtensibilityGlobals) = postSolution
		SolutionGuid = {54D49DC1-64B0-4AF3-9377-2CA8C0590E13}
	EndGlobalSection
EndGlobal
